
Microsoft Visual Studio Solution File, Format Version 12.00
# Visual Studio Version 16
VisualStudioVersion = 16.0.31019.35
MinimumVisualStudioVersion = 10.0.40219.1
Project("{FAE04EC0-301F-11D3-BF4B-00C04F79EFBC}") = "PartyGame", "PartyGame.csproj", "{CF1978CF-6714-46B1-BF61-9A9FE1DD4C72}"
EndProject
Global
	GlobalSection(SolutionConfigurationPlatforms) = preSolution
		Debug|Any CPU = Debug|Any CPU
		Release|Any CPU = Release|Any CPU
	EndGlobalSection
	GlobalSection(ProjectConfigurationPlatforms) = postSolution
		{CF1978CF-6714-46B1-BF61-9A9FE1DD4C72}.Debug|Any CPU.ActiveCfg = Debug|Any CPU
		{CF1978CF-6714-46B1-BF61-9A9FE1DD4C72}.Debug|Any CPU.Build.0 = Debug|Any CPU
		{CF1978CF-6714-46B1-BF61-9A9FE1DD4C72}.Release|Any CPU.ActiveCfg = Release|Any CPU
		{CF1978CF-6714-46B1-BF61-9A9FE1DD4C72}.Release|Any CPU.Build.0 = Release|Any CPU
	EndGlobalSection
	GlobalSection(SolutionProperties) = preSolution
		HideSolutionNode = FALSE
	EndGlobalSection
	GlobalSection(ExtensibilityGlobals) = postSolution
		SolutionGuid = {AFA48C9C-ADA9-4BFC-9193-6BFFE8D62F6E}
	EndGlobalSection
EndGlobal
